<?xml version="1.0" encoding="UTF-8" standalone="yes" ?>
<CodeBlocks_project_file>
	<FileVersion major="1" minor="6" />
	<Project>
		<Option title="ASICamera_demo" />
		<Option pch_mode="2" />
		<Option compiler="gcc" />
		<Build>
			<Target title="Debug">
				<Option output="bin/debug/ASICameraDemo" prefix_auto="1" extension_auto="1" />
				<Option object_output="obj/debug/" />
				<Option type="1" />
				<Option compiler="gcc" />
				<Compiler>
					<Add option="-g" />
					<Add option="-I/usr/include/opencv2    -lopencv_highgui -lopencv_core" />
					<Add directory="../../iTRLib/itrbase" />
					<Add directory="../../iTRLib/itrvision" />
					<Add directory="../../iTRLib/itralgorithm" />
				</Compiler>
				<Linker>
					<Add library="ASICamera" />
					<Add library="usb-1.0" />
					<Add library="../../iTRLib/itrbase/bin/debug/libitrbase.a" />
					<Add library="../../iTRLib/itrvision/bin/debug/libitrvision.a" />
				</Linker>
			</Target>
			<Target title="Release">
				<Option output="bin/release/ASICameraDemo" prefix_auto="1" extension_auto="1" />
				<Option object_output="obj/release/" />
				<Option type="1" />
				<Option compiler="gcc" />
				<Compiler>
					<Add option="-O2" />
					<Add directory="../../iTRLib/itrbase" />
					<Add directory="../../iTRLib/itrvision" />
					<Add directory="../../iTRLib/itralgorithm" />
				</Compiler>
				<Linker>
					<Add option="-s" />
					<Add library="ASICamera" />
					<Add library="usb-1.0" />
					<Add library="../../iTRLib/itrbase/bin/release/libitrbase.a" />
					<Add library="../../iTRLib/itrvision/bin/release/libitrvision.a" />
				</Linker>
			</Target>
		</Build>
		<Compiler>
			<Add option="-Wall" />
			<Add option="-fexceptions" />
		</Compiler>
		<Unit filename="ASICamera.h" />
		<Unit filename="main.cpp" />
		<Extensions>
			<code_completion />
			<debugger />
		</Extensions>
	</Project>
</CodeBlocks_project_file>
